// !$*UTF8*$!
{
	archiveVersion = 1;
	classes = {
	};
	objectVersion = 56;
	objects = {

/* Begin PBXBuildFile section */
		684A122D2AA9C80100F5500F /* CinemaApp.swift in Sources */ = {isa = PBXBuildFile; fileRef = 684A122C2AA9C80100F5500F /* CinemaApp.swift */; };
		684A122F2AA9C80100F5500F /* ContentView.swift in Sources */ = {isa = PBXBuildFile; fileRef = 684A122E2AA9C80100F5500F /* ContentView.swift */; };
		684A12312AA9C80200F5500F /* Assets.xcassets in Resources */ = {isa = PBXBuildFile; fileRef = 684A12302AA9C80200F5500F /* Assets.xcassets */; };
		684A12342AA9C80200F5500F /* Preview Assets.xcassets in Resources */ = {isa = PBXBuildFile; fileRef = 684A12332AA9C80200F5500F /* Preview Assets.xcassets */; };
		684A123F2AA9C8AC00F5500F /* Date+Extensions.swift in Sources */ = {isa = PBXBuildFile; fileRef = 684A123E2AA9C8AB00F5500F /* Date+Extensions.swift */; };
		684A12422AA9C94300F5500F /* Constants.swift in Sources */ = {isa = PBXBuildFile; fileRef = 684A12412AA9C94300F5500F /* Constants.swift */; };
		684A12442AA9CA4900F5500F /* URL+Extensions.swift in Sources */ = {isa = PBXBuildFile; fileRef = 684A12432AA9CA4900F5500F /* URL+Extensions.swift */; };
		684A12462AA9CF7E00F5500F /* Media.swift in Sources */ = {isa = PBXBuildFile; fileRef = 684A12452AA9CF7E00F5500F /* Media.swift */; };
		684A12482AA9CFB000F5500F /* Genre.swift in Sources */ = {isa = PBXBuildFile; fileRef = 684A12472AA9CFB000F5500F /* Genre.swift */; };
		684A124A2AA9CFD500F5500F /* MediaType.swift in Sources */ = {isa = PBXBuildFile; fileRef = 684A12492AA9CFD500F5500F /* MediaType.swift */; };
		684A124C2AA9CFF300F5500F /* MediaResult.swift in Sources */ = {isa = PBXBuildFile; fileRef = 684A124B2AA9CFF300F5500F /* MediaResult.swift */; };
		684A124E2AA9D0B600F5500F /* Movie.swift in Sources */ = {isa = PBXBuildFile; fileRef = 684A124D2AA9D0B600F5500F /* Movie.swift */; };
		684A12512AA9D1E800F5500F /* NetworkRequestError.swift in Sources */ = {isa = PBXBuildFile; fileRef = 684A12502AA9D1E800F5500F /* NetworkRequestError.swift */; };
		684A12542AA9D21800F5500F /* TMDBService.swift in Sources */ = {isa = PBXBuildFile; fileRef = 684A12532AA9D21800F5500F /* TMDBService.swift */; };
		684A12562AA9D35D00F5500F /* DashboardView.swift in Sources */ = {isa = PBXBuildFile; fileRef = 684A12552AA9D35D00F5500F /* DashboardView.swift */; };
		684A12582AA9D37100F5500F /* DashboardViewModel.swift in Sources */ = {isa = PBXBuildFile; fileRef = 684A12572AA9D37100F5500F /* DashboardViewModel.swift */; };
		684A125A2AA9D45E00F5500F /* DummyTMDBService.swift in Sources */ = {isa = PBXBuildFile; fileRef = 684A12592AA9D45E00F5500F /* DummyTMDBService.swift */; };
		684A126B2AA9E82700F5500F /* NukeUI in Frameworks */ = {isa = PBXBuildFile; productRef = 684A126A2AA9E82700F5500F /* NukeUI */; };
		684A126E2AA9EDB400F5500F /* MovieDetailView.swift in Sources */ = {isa = PBXBuildFile; fileRef = 684A126D2AA9EDB400F5500F /* MovieDetailView.swift */; };
		684A12732AAA36BD00F5500F /* SwiftUIDelayedGesture in Frameworks */ = {isa = PBXBuildFile; productRef = 684A12722AAA36BD00F5500F /* SwiftUIDelayedGesture */; };
		684A12752AAB1F2600F5500F /* TextWithCircleOverlay.swift in Sources */ = {isa = PBXBuildFile; fileRef = 684A12742AAB1F2600F5500F /* TextWithCircleOverlay.swift */; };
		684A12772AAB212E00F5500F /* GenresView.swift in Sources */ = {isa = PBXBuildFile; fileRef = 684A12762AAB212E00F5500F /* GenresView.swift */; };
		684A12792AAB2DEF00F5500F /* MovieDetailViewModel.swift in Sources */ = {isa = PBXBuildFile; fileRef = 684A12782AAB2DEF00F5500F /* MovieDetailViewModel.swift */; };
		684A127C2AAB2EC600F5500F /* Cast.swift in Sources */ = {isa = PBXBuildFile; fileRef = 684A127B2AAB2EC600F5500F /* Cast.swift */; };
		684A127E2AAB2FC500F5500F /* Credits.swift in Sources */ = {isa = PBXBuildFile; fileRef = 684A127D2AAB2FC500F5500F /* Credits.swift */; };
		684A12802AAB361900F5500F /* CastView.swift in Sources */ = {isa = PBXBuildFile; fileRef = 684A127F2AAB361900F5500F /* CastView.swift */; };
/* End PBXBuildFile section */

/* Begin PBXFileReference section */
		684A12292AA9C80100F5500F /* Cinema.app */ = {isa = PBXFileReference; explicitFileType = wrapper.application; includeInIndex = 0; path = Cinema.app; sourceTree = BUILT_PRODUCTS_DIR; };
		684A122C2AA9C80100F5500F /* CinemaApp.swift */ = {isa = PBXFileReference; lastKnownFileType = sourcecode.swift; path = CinemaApp.swift; sourceTree = "<group>"; };
		684A122E2AA9C80100F5500F /* ContentView.swift */ = {isa = PBXFileReference; lastKnownFileType = sourcecode.swift; path = ContentView.swift; sourceTree = "<group>"; };
		684A12302AA9C80200F5500F /* Assets.xcassets */ = {isa = PBXFileReference; lastKnownFileType = folder.assetcatalog; path = Assets.xcassets; sourceTree = "<group>"; };
		684A12332AA9C80200F5500F /* Preview Assets.xcassets */ = {isa = PBXFileReference; lastKnownFileType = folder.assetcatalog; path = "Preview Assets.xcassets"; sourceTree = "<group>"; };
		684A123E2AA9C8AB00F5500F /* Date+Extensions.swift */ = {isa = PBXFileReference; lastKnownFileType = sourcecode.swift; path = "Date+Extensions.swift"; sourceTree = "<group>"; };
		684A12412AA9C94300F5500F /* Constants.swift */ = {isa = PBXFileReference; lastKnownFileType = sourcecode.swift; path = Constants.swift; sourceTree = "<group>"; };
		684A12432AA9CA4900F5500F /* URL+Extensions.swift */ = {isa = PBXFileReference; lastKnownFileType = sourcecode.swift; path = "URL+Extensions.swift"; sourceTree = "<group>"; };
		684A12452AA9CF7E00F5500F /* Media.swift */ = {isa = PBXFileReference; lastKnownFileType = sourcecode.swift; path = Media.swift; sourceTree = "<group>"; };
		684A12472AA9CFB000F5500F /* Genre.swift */ = {isa = PBXFileReference; lastKnownFileType = sourcecode.swift; path = Genre.swift; sourceTree = "<group>"; };
		684A12492AA9CFD500F5500F /* MediaType.swift */ = {isa = PBXFileReference; lastKnownFileType = sourcecode.swift; path = MediaType.swift; sourceTree = "<group>"; };
		684A124B2AA9CFF300F5500F /* MediaResult.swift */ = {isa = PBXFileReference; lastKnownFileType = sourcecode.swift; path = MediaResult.swift; sourceTree = "<group>"; };
		684A124D2AA9D0B600F5500F /* Movie.swift */ = {isa = PBXFileReference; lastKnownFileType = sourcecode.swift; path = Movie.swift; sourceTree = "<group>"; };
		684A12502AA9D1E800F5500F /* NetworkRequestError.swift */ = {isa = PBXFileReference; lastKnownFileType = sourcecode.swift; path = NetworkRequestError.swift; sourceTree = "<group>"; };
		684A12532AA9D21800F5500F /* TMDBService.swift */ = {isa = PBXFileReference; lastKnownFileType = sourcecode.swift; path = TMDBService.swift; sourceTree = "<group>"; };
		684A12552AA9D35D00F5500F /* DashboardView.swift */ = {isa = PBXFileReference; lastKnownFileType = sourcecode.swift; path = DashboardView.swift; sourceTree = "<group>"; };
		684A12572AA9D37100F5500F /* DashboardViewModel.swift */ = {isa = PBXFileReference; lastKnownFileType = sourcecode.swift; path = DashboardViewModel.swift; sourceTree = "<group>"; };
		684A12592AA9D45E00F5500F /* DummyTMDBService.swift */ = {isa = PBXFileReference; lastKnownFileType = sourcecode.swift; path = DummyTMDBService.swift; sourceTree = "<group>"; };
		684A126D2AA9EDB400F5500F /* MovieDetailView.swift */ = {isa = PBXFileReference; lastKnownFileType = sourcecode.swift; path = MovieDetailView.swift; sourceTree = "<group>"; };
		684A12742AAB1F2600F5500F /* TextWithCircleOverlay.swift */ = {isa = PBXFileReference; lastKnownFileType = sourcecode.swift; path = TextWithCircleOverlay.swift; sourceTree = "<group>"; };
		684A12762AAB212E00F5500F /* GenresView.swift */ = {isa = PBXFileReference; lastKnownFileType = sourcecode.swift; path = GenresView.swift; sourceTree = "<group>"; };
		684A12782AAB2DEF00F5500F /* MovieDetailViewModel.swift */ = {isa = PBXFileReference; lastKnownFileType = sourcecode.swift; path = MovieDetailViewModel.swift; sourceTree = "<group>"; };
		684A127B2AAB2EC600F5500F /* Cast.swift */ = {isa = PBXFileReference; lastKnownFileType = sourcecode.swift; path = Cast.swift; sourceTree = "<group>"; };
		684A127D2AAB2FC500F5500F /* Credits.swift */ = {isa = PBXFileReference; lastKnownFileType = sourcecode.swift; path = Credits.swift; sourceTree = "<group>"; };
		684A127F2AAB361900F5500F /* CastView.swift */ = {isa = PBXFileReference; lastKnownFileType = sourcecode.swift; path = CastView.swift; sourceTree = "<group>"; };
/* End PBXFileReference section */

/* Begin PBXFrameworksBuildPhase section */
		684A12262AA9C80100F5500F /* Frameworks */ = {
			isa = PBXFrameworksBuildPhase;
			buildActionMask = 2147483647;
			files = (
				684A126B2AA9E82700F5500F /* NukeUI in Frameworks */,
				684A12732AAA36BD00F5500F /* SwiftUIDelayedGesture in Frameworks */,
			);
			runOnlyForDeploymentPostprocessing = 0;
		};
/* End PBXFrameworksBuildPhase section */

/* Begin PBXGroup section */
		684A12202AA9C80100F5500F = {
			isa = PBXGroup;
			children = (
				684A122B2AA9C80100F5500F /* Cinema */,
				684A122A2AA9C80100F5500F /* Products */,
			);
			sourceTree = "<group>";
		};
		684A122A2AA9C80100F5500F /* Products */ = {
			isa = PBXGroup;
			children = (
				684A12292AA9C80100F5500F /* Cinema.app */,
			);
			name = Products;
			sourceTree = "<group>";
		};
		684A122B2AA9C80100F5500F /* Cinema */ = {
			isa = PBXGroup;
			children = (
				684A124F2AA9D1BB00F5500F /* Networking */,
				684A12402AA9C93800F5500F /* Helpers */,
				684A123D2AA9C89900F5500F /* Extensions */,
				684A123C2AA9C89300F5500F /* Models */,
				684A123B2AA9C88C00F5500F /* Views */,
				684A123A2AA9C88400F5500F /* ViewModels */,
				684A122C2AA9C80100F5500F /* CinemaApp.swift */,
				684A122E2AA9C80100F5500F /* ContentView.swift */,
				684A12302AA9C80200F5500F /* Assets.xcassets */,
				684A12322AA9C80200F5500F /* Preview Content */,
			);
			path = Cinema;
			sourceTree = "<group>";
		};
		684A12322AA9C80200F5500F /* Preview Content */ = {
			isa = PBXGroup;
			children = (
				684A12332AA9C80200F5500F /* Preview Assets.xcassets */,
				684A12592AA9D45E00F5500F /* DummyTMDBService.swift */,
			);
			path = "Preview Content";
			sourceTree = "<group>";
		};
		684A123A2AA9C88400F5500F /* ViewModels */ = {
			isa = PBXGroup;
			children = (
				684A12572AA9D37100F5500F /* DashboardViewModel.swift */,
				684A12782AAB2DEF00F5500F /* MovieDetailViewModel.swift */,
			);
			path = ViewModels;
			sourceTree = "<group>";
		};
		684A123B2AA9C88C00F5500F /* Views */ = {
			isa = PBXGroup;
			children = (
				684A126C2AA9EDA500F5500F /* MovieDetails */,
				684A125D2AA9D78300F5500F /* Components */,
				684A12552AA9D35D00F5500F /* DashboardView.swift */,
			);
			path = Views;
			sourceTree = "<group>";
		};
		684A123C2AA9C89300F5500F /* Models */ = {
			isa = PBXGroup;
			children = (
				684A127A2AAB2EBE00F5500F /* Credits */,
				684A12452AA9CF7E00F5500F /* Media.swift */,
				684A12472AA9CFB000F5500F /* Genre.swift */,
				684A12492AA9CFD500F5500F /* MediaType.swift */,
				684A124B2AA9CFF300F5500F /* MediaResult.swift */,
				684A124D2AA9D0B600F5500F /* Movie.swift */,
			);
			path = Models;
			sourceTree = "<group>";
		};
		684A123D2AA9C89900F5500F /* Extensions */ = {
			isa = PBXGroup;
			children = (
				684A123E2AA9C8AB00F5500F /* Date+Extensions.swift */,
				684A12432AA9CA4900F5500F /* URL+Extensions.swift */,
			);
			path = Extensions;
			sourceTree = "<group>";
		};
		684A12402AA9C93800F5500F /* Helpers */ = {
			isa = PBXGroup;
			children = (
				684A12412AA9C94300F5500F /* Constants.swift */,
			);
			path = Helpers;
			sourceTree = "<group>";
		};
		684A124F2AA9D1BB00F5500F /* Networking */ = {
			isa = PBXGroup;
			children = (
				684A12502AA9D1E800F5500F /* NetworkRequestError.swift */,
				684A12532AA9D21800F5500F /* TMDBService.swift */,
			);
			path = Networking;
			sourceTree = "<group>";
		};
		684A125D2AA9D78300F5500F /* Components */ = {
			isa = PBXGroup;
			children = (
				684A12742AAB1F2600F5500F /* TextWithCircleOverlay.swift */,
				684A12762AAB212E00F5500F /* GenresView.swift */,
				684A127F2AAB361900F5500F /* CastView.swift */,
			);
			path = Components;
			sourceTree = "<group>";
		};
		684A126C2AA9EDA500F5500F /* MovieDetails */ = {
			isa = PBXGroup;
			children = (
				684A126D2AA9EDB400F5500F /* MovieDetailView.swift */,
			);
			path = MovieDetails;
			sourceTree = "<group>";
		};
		684A127A2AAB2EBE00F5500F /* Credits */ = {
			isa = PBXGroup;
			children = (
				684A127B2AAB2EC600F5500F /* Cast.swift */,
				684A127D2AAB2FC500F5500F /* Credits.swift */,
			);
			path = Credits;
			sourceTree = "<group>";
		};
/* End PBXGroup section */

/* Begin PBXNativeTarget section */
		684A12282AA9C80100F5500F /* Cinema */ = {
			isa = PBXNativeTarget;
			buildConfigurationList = 684A12372AA9C80200F5500F /* Build configuration list for PBXNativeTarget "Cinema" */;
			buildPhases = (
				684A12252AA9C80100F5500F /* Sources */,
				684A12262AA9C80100F5500F /* Frameworks */,
				684A12272AA9C80100F5500F /* Resources */,
			);
			buildRules = (
			);
			dependencies = (
			);
			name = Cinema;
			packageProductDependencies = (
				684A126A2AA9E82700F5500F /* NukeUI */,
				684A12722AAA36BD00F5500F /* SwiftUIDelayedGesture */,
			);
			productName = Cinema;
			productReference = 684A12292AA9C80100F5500F /* Cinema.app */;
			productType = "com.apple.product-type.application";
		};
/* End PBXNativeTarget section */

/* Begin PBXProject section */
		684A12212AA9C80100F5500F /* Project object */ = {
			isa = PBXProject;
			attributes = {
				BuildIndependentTargetsInParallel = 1;
				LastSwiftUpdateCheck = 1430;
				LastUpgradeCheck = 1430;
				TargetAttributes = {
					684A12282AA9C80100F5500F = {
						CreatedOnToolsVersion = 14.3.1;
					};
				};
			};
			buildConfigurationList = 684A12242AA9C80100F5500F /* Build configuration list for PBXProject "Cinema" */;
			compatibilityVersion = "Xcode 14.0";
			developmentRegion = en;
			hasScannedForEncodings = 0;
			knownRegions = (
				en,
				Base,
			);
			mainGroup = 684A12202AA9C80100F5500F;
			packageReferences = (
				684A12692AA9E82700F5500F /* XCRemoteSwiftPackageReference "NukeUI" */,
				684A12712AAA36BD00F5500F /* XCRemoteSwiftPackageReference "SwiftUIDelayedGesture" */,
			);
			productRefGroup = 684A122A2AA9C80100F5500F /* Products */;
			projectDirPath = "";
			projectRoot = "";
			targets = (
				684A12282AA9C80100F5500F /* Cinema */,
			);
		};
/* End PBXProject section */

/* Begin PBXResourcesBuildPhase section */
		684A12272AA9C80100F5500F /* Resources */ = {
			isa = PBXResourcesBuildPhase;
			buildActionMask = 2147483647;
			files = (
				684A12342AA9C80200F5500F /* Preview Assets.xcassets in Resources */,
				684A12312AA9C80200F5500F /* Assets.xcassets in Resources */,
			);
			runOnlyForDeploymentPostprocessing = 0;
		};
/* End PBXResourcesBuildPhase section */

/* Begin PBXSourcesBuildPhase section */
		684A12252AA9C80100F5500F /* Sources */ = {
			isa = PBXSourcesBuildPhase;
			buildActionMask = 2147483647;
			files = (
				684A125A2AA9D45E00F5500F /* DummyTMDBService.swift in Sources */,
				684A12792AAB2DEF00F5500F /* MovieDetailViewModel.swift in Sources */,
				684A12542AA9D21800F5500F /* TMDBService.swift in Sources */,
				684A122F2AA9C80100F5500F /* ContentView.swift in Sources */,
				684A12752AAB1F2600F5500F /* TextWithCircleOverlay.swift in Sources */,
				684A12802AAB361900F5500F /* CastView.swift in Sources */,
				684A122D2AA9C80100F5500F /* CinemaApp.swift in Sources */,
				684A12462AA9CF7E00F5500F /* Media.swift in Sources */,
				684A12512AA9D1E800F5500F /* NetworkRequestError.swift in Sources */,
				684A12442AA9CA4900F5500F /* URL+Extensions.swift in Sources */,
				684A124E2AA9D0B600F5500F /* Movie.swift in Sources */,
				684A126E2AA9EDB400F5500F /* MovieDetailView.swift in Sources */,
				684A12772AAB212E00F5500F /* GenresView.swift in Sources */,
				684A127C2AAB2EC600F5500F /* Cast.swift in Sources */,
				684A124A2AA9CFD500F5500F /* MediaType.swift in Sources */,
				684A124C2AA9CFF300F5500F /* MediaResult.swift in Sources */,
				684A123F2AA9C8AC00F5500F /* Date+Extensions.swift in Sources */,
				684A12422AA9C94300F5500F /* Constants.swift in Sources */,
				684A12562AA9D35D00F5500F /* DashboardView.swift in Sources */,
				684A12482AA9CFB000F5500F /* Genre.swift in Sources */,
				684A127E2AAB2FC500F5500F /* Credits.swift in Sources */,
				684A12582AA9D37100F5500F /* DashboardViewModel.swift in Sources */,
			);
			runOnlyForDeploymentPostprocessing = 0;
		};
/* End PBXSourcesBuildPhase section */

/* Begin XCBuildConfiguration section */
		684A12352AA9C80200F5500F /* Debug */ = {
			isa = XCBuildConfiguration;
			buildSettings = {
				ALWAYS_SEARCH_USER_PATHS = NO;
				CLANG_ANALYZER_NONNULL = YES;
				CLANG_ANALYZER_NUMBER_OBJECT_CONVERSION = YES_AGGRESSIVE;
				CLANG_CXX_LANGUAGE_STANDARD = "gnu++20";
				CLANG_ENABLE_MODULES = YES;
				CLANG_ENABLE_OBJC_ARC = YES;
				CLANG_ENABLE_OBJC_WEAK = YES;
				CLANG_WARN_BLOCK_CAPTURE_AUTORELEASING = YES;
				CLANG_WARN_BOOL_CONVERSION = YES;
				CLANG_WARN_COMMA = YES;
				CLANG_WARN_CONSTANT_CONVERSION = YES;
				CLANG_WARN_DEPRECATED_OBJC_IMPLEMENTATIONS = YES;
				CLANG_WARN_DIRECT_OBJC_ISA_USAGE = YES_ERROR;
				CLANG_WARN_DOCUMENTATION_COMMENTS = YES;
				CLANG_WARN_EMPTY_BODY = YES;
				CLANG_WARN_ENUM_CONVERSION = YES;
				CLANG_WARN_INFINITE_RECURSION = YES;
				CLANG_WARN_INT_CONVERSION = YES;
				CLANG_WARN_NON_LITERAL_NULL_CONVERSION = YES;
				CLANG_WARN_OBJC_IMPLICIT_RETAIN_SELF = YES;
				CLANG_WARN_OBJC_LITERAL_CONVERSION = YES;
				CLANG_WARN_OBJC_ROOT_CLASS = YES_ERROR;
				CLANG_WARN_QUOTED_INCLUDE_IN_FRAMEWORK_HEADER = YES;
				CLANG_WARN_RANGE_LOOP_ANALYSIS = YES;
				CLANG_WARN_STRICT_PROTOTYPES = YES;
				CLANG_WARN_SUSPICIOUS_MOVE = YES;
				CLANG_WARN_UNGUARDED_AVAILABILITY = YES_AGGRESSIVE;
				CLANG_WARN_UNREACHABLE_CODE = YES;
				CLANG_WARN__DUPLICATE_METHOD_MATCH = YES;
				COPY_PHASE_STRIP = NO;
				DEBUG_INFORMATION_FORMAT = dwarf;
				ENABLE_STRICT_OBJC_MSGSEND = YES;
				ENABLE_TESTABILITY = YES;
				GCC_C_LANGUAGE_STANDARD = gnu11;
				GCC_DYNAMIC_NO_PIC = NO;
				GCC_NO_COMMON_BLOCKS = YES;
				GCC_OPTIMIZATION_LEVEL = 0;
				GCC_PREPROCESSOR_DEFINITIONS = (
					"DEBUG=1",
					"$(inherited)",
				);
				GCC_WARN_64_TO_32_BIT_CONVERSION = YES;
				GCC_WARN_ABOUT_RETURN_TYPE = YES_ERROR;
				GCC_WARN_UNDECLARED_SELECTOR = YES;
				GCC_WARN_UNINITIALIZED_AUTOS = YES_AGGRESSIVE;
				GCC_WARN_UNUSED_FUNCTION = YES;
				GCC_WARN_UNUSED_VARIABLE = YES;
				IPHONEOS_DEPLOYMENT_TARGET = 16.4;
				MTL_ENABLE_DEBUG_INFO = INCLUDE_SOURCE;
				MTL_FAST_MATH = YES;
				ONLY_ACTIVE_ARCH = YES;
				SDKROOT = iphoneos;
				SWIFT_ACTIVE_COMPILATION_CONDITIONS = DEBUG;
				SWIFT_OPTIMIZATION_LEVEL = "-Onone";
			};
			name = Debug;
		};
		684A12362AA9C80200F5500F /* Release */ = {
			isa = XCBuildConfiguration;
			buildSettings = {
				ALWAYS_SEARCH_USER_PATHS = NO;
				CLANG_ANALYZER_NONNULL = YES;
				CLANG_ANALYZER_NUMBER_OBJECT_CONVERSION = YES_AGGRESSIVE;
				CLANG_CXX_LANGUAGE_STANDARD = "gnu++20";
				CLANG_ENABLE_MODULES = YES;
				CLANG_ENABLE_OBJC_ARC = YES;
				CLANG_ENABLE_OBJC_WEAK = YES;
				CLANG_WARN_BLOCK_CAPTURE_AUTORELEASING = YES;
				CLANG_WARN_BOOL_CONVERSION = YES;
				CLANG_WARN_COMMA = YES;
				CLANG_WARN_CONSTANT_CONVERSION = YES;
				CLANG_WARN_DEPRECATED_OBJC_IMPLEMENTATIONS = YES;
				CLANG_WARN_DIRECT_OBJC_ISA_USAGE = YES_ERROR;
				CLANG_WARN_DOCUMENTATION_COMMENTS = YES;
				CLANG_WARN_EMPTY_BODY = YES;
				CLANG_WARN_ENUM_CONVERSION = YES;
				CLANG_WARN_INFINITE_RECURSION = YES;
				CLANG_WARN_INT_CONVERSION = YES;
				CLANG_WARN_NON_LITERAL_NULL_CONVERSION = YES;
				CLANG_WARN_OBJC_IMPLICIT_RETAIN_SELF = YES;
				CLANG_WARN_OBJC_LITERAL_CONVERSION = YES;
				CLANG_WARN_OBJC_ROOT_CLASS = YES_ERROR;
				CLANG_WARN_QUOTED_INCLUDE_IN_FRAMEWORK_HEADER = YES;
				CLANG_WARN_RANGE_LOOP_ANALYSIS = YES;
				CLANG_WARN_STRICT_PROTOTYPES = YES;
				CLANG_WARN_SUSPICIOUS_MOVE = YES;
				CLANG_WARN_UNGUARDED_AVAILABILITY = YES_AGGRESSIVE;
				CLANG_WARN_UNREACHABLE_CODE = YES;
				CLANG_WARN__DUPLICATE_METHOD_MATCH = YES;
				COPY_PHASE_STRIP = NO;
				DEBUG_INFORMATION_FORMAT = "dwarf-with-dsym";
				ENABLE_NS_ASSERTIONS = NO;
				ENABLE_STRICT_OBJC_MSGSEND = YES;
				GCC_C_LANGUAGE_STANDARD = gnu11;
				GCC_NO_COMMON_BLOCKS = YES;
				GCC_WARN_64_TO_32_BIT_CONVERSION = YES;
				GCC_WARN_ABOUT_RETURN_TYPE = YES_ERROR;
				GCC_WARN_UNDECLARED_SELECTOR = YES;
				GCC_WARN_UNINITIALIZED_AUTOS = YES_AGGRESSIVE;
				GCC_WARN_UNUSED_FUNCTION = YES;
				GCC_WARN_UNUSED_VARIABLE = YES;
				IPHONEOS_DEPLOYMENT_TARGET = 16.4;
				MTL_ENABLE_DEBUG_INFO = NO;
				MTL_FAST_MATH = YES;
				SDKROOT = iphoneos;
				SWIFT_COMPILATION_MODE = wholemodule;
				SWIFT_OPTIMIZATION_LEVEL = "-O";
				VALIDATE_PRODUCT = YES;
			};
			name = Release;
		};
		684A12382AA9C80200F5500F /* Debug */ = {
			isa = XCBuildConfiguration;
			buildSettings = {
				ASSETCATALOG_COMPILER_APPICON_NAME = AppIcon;
				ASSETCATALOG_COMPILER_GLOBAL_ACCENT_COLOR_NAME = AccentColor;
				CODE_SIGN_STYLE = Automatic;
				CURRENT_PROJECT_VERSION = 1;
				DEVELOPMENT_ASSET_PATHS = "\"Cinema/Preview Content\"";
				DEVELOPMENT_TEAM = LJ87H7HMY5;
				ENABLE_PREVIEWS = YES;
				GENERATE_INFOPLIST_FILE = YES;
				INFOPLIST_KEY_UIApplicationSceneManifest_Generation = YES;
				INFOPLIST_KEY_UIApplicationSupportsIndirectInputEvents = YES;
				INFOPLIST_KEY_UILaunchScreen_Generation = YES;
				INFOPLIST_KEY_UISupportedInterfaceOrientations_iPad = "UIInterfaceOrientationPortrait UIInterfaceOrientationPortraitUpsideDown UIInterfaceOrientationLandscapeLeft UIInterfaceOrientationLandscapeRight";
				INFOPLIST_KEY_UISupportedInterfaceOrientations_iPhone = "UIInterfaceOrientationPortrait UIInterfaceOrientationLandscapeLeft UIInterfaceOrientationLandscapeRight";
				LD_RUNPATH_SEARCH_PATHS = (
					"$(inherited)",
					"@executable_path/Frameworks",
				);
				MARKETING_VERSION = 1.0;
				PRODUCT_BUNDLE_IDENTIFIER = com.mohsinayub.Cinema;
				PRODUCT_NAME = "$(TARGET_NAME)";
				SWIFT_EMIT_LOC_STRINGS = YES;
				SWIFT_VERSION = 5.0;
				TARGETED_DEVICE_FAMILY = "1,2";
			};
			name = Debug;
		};
		684A12392AA9C80200F5500F /* Release */ = {
			isa = XCBuildConfiguration;
			buildSettings = {
				ASSETCATALOG_COMPILER_APPICON_NAME = AppIcon;
				ASSETCATALOG_COMPILER_GLOBAL_ACCENT_COLOR_NAME = AccentColor;
				CODE_SIGN_STYLE = Automatic;
				CURRENT_PROJECT_VERSION = 1;
				DEVELOPMENT_ASSET_PATHS = "\"Cinema/Preview Content\"";
				DEVELOPMENT_TEAM = LJ87H7HMY5;
				ENABLE_PREVIEWS = YES;
				GENERATE_INFOPLIST_FILE = YES;
				INFOPLIST_KEY_UIApplicationSceneManifest_Generation = YES;
				INFOPLIST_KEY_UIApplicationSupportsIndirectInputEvents = YES;
				INFOPLIST_KEY_UILaunchScreen_Generation = YES;
				INFOPLIST_KEY_UISupportedInterfaceOrientations_iPad = "UIInterfaceOrientationPortrait UIInterfaceOrientationPortraitUpsideDown UIInterfaceOrientationLandscapeLeft UIInterfaceOrientationLandscapeRight";
				INFOPLIST_KEY_UISupportedInterfaceOrientations_iPhone = "UIInterfaceOrientationPortrait UIInterfaceOrientationLandscapeLeft UIInterfaceOrientationLandscapeRight";
				LD_RUNPATH_SEARCH_PATHS = (
					"$(inherited)",
					"@executable_path/Frameworks",
				);
				MARKETING_VERSION = 1.0;
				PRODUCT_BUNDLE_IDENTIFIER = com.mohsinayub.Cinema;
				PRODUCT_NAME = "$(TARGET_NAME)";
				SWIFT_EMIT_LOC_STRINGS = YES;
				SWIFT_VERSION = 5.0;
				TARGETED_DEVICE_FAMILY = "1,2";
			};
			name = Release;
		};
/* End XCBuildConfiguration section */

/* Begin XCConfigurationList section */
		684A12242AA9C80100F5500F /* Build configuration list for PBXProject "Cinema" */ = {
			isa = XCConfigurationList;
			buildConfigurations = (
				684A12352AA9C80200F5500F /* Debug */,
				684A12362AA9C80200F5500F /* Release */,
			);
			defaultConfigurationIsVisible = 0;
			defaultConfigurationName = Release;
		};
		684A12372AA9C80200F5500F /* Build configuration list for PBXNativeTarget "Cinema" */ = {
			isa = XCConfigurationList;
			buildConfigurations = (
				684A12382AA9C80200F5500F /* Debug */,
				684A12392AA9C80200F5500F /* Release */,
			);
			defaultConfigurationIsVisible = 0;
			defaultConfigurationName = Release;
		};
/* End XCConfigurationList section */

/* Begin XCRemoteSwiftPackageReference section */
		684A12692AA9E82700F5500F /* XCRemoteSwiftPackageReference "NukeUI" */ = {
			isa = XCRemoteSwiftPackageReference;
			repositoryURL = "https://github.com/kean/NukeUI.git";
			requirement = {
				kind = upToNextMajorVersion;
				minimumVersion = 0.8.3;
			};
		};
		684A12712AAA36BD00F5500F /* XCRemoteSwiftPackageReference "SwiftUIDelayedGesture" */ = {
			isa = XCRemoteSwiftPackageReference;
			repositoryURL = "https://github.com/ciaranrobrien/SwiftUIDelayedGesture";
			requirement = {
				kind = upToNextMajorVersion;
				minimumVersion = 1.0.0;
			};
		};
/* End XCRemoteSwiftPackageReference section */

/* Begin XCSwiftPackageProductDependency section */
		684A126A2AA9E82700F5500F /* NukeUI */ = {
			isa = XCSwiftPackageProductDependency;
			package = 684A12692AA9E82700F5500F /* XCRemoteSwiftPackageReference "NukeUI" */;
			productName = NukeUI;
		};
		684A12722AAA36BD00F5500F /* SwiftUIDelayedGesture */ = {
			isa = XCSwiftPackageProductDependency;
			package = 684A12712AAA36BD00F5500F /* XCRemoteSwiftPackageReference "SwiftUIDelayedGesture" */;
			productName = SwiftUIDelayedGesture;
		};
/* End XCSwiftPackageProductDependency section */
	};
	rootObject = 684A12212AA9C80100F5500F /* Project object */;
}
